
Microsoft Visual Studio Solution File, Format Version 12.00
# Visual Studio Version 16
VisualStudioVersion = 16.0.29123.88
MinimumVisualStudioVersion = 10.0.40219.1
Project("{FAE04EC0-301F-11D3-BF4B-00C04F79EFBC}") = "Tutorial1", "Tutorial1\Tutorial1.csproj", "{1A2DE92E-2C97-4867-A54A-24BA519A9754}"
EndProject
Global
	GlobalSection(SolutionConfigurationPlatforms) = preSolution
		Debug|Any CPU = Debug|Any CPU
		Release|Any CPU = Release|Any CPU
	EndGlobalSection
	GlobalSection(ProjectConfigurationPlatforms) = postSolution
		{1A2DE92E-2C97-4867-A54A-24BA519A9754}.Debug|Any CPU.ActiveCfg = Debug|Any CPU
		{1A2DE92E-2C97-4867-A54A-24BA519A9754}.Debug|Any CPU.Build.0 = Debug|Any CPU
		{1A2DE92E-2C97-4867-A54A-24BA519A9754}.Release|Any CPU.ActiveCfg = Release|Any CPU
		{1A2DE92E-2C97-4867-A54A-24BA519A9754}.Release|Any CPU.Build.0 = Release|Any CPU
	EndGlobalSection
	GlobalSection(SolutionProperties) = preSolution
		HideSolutionNode = FALSE
	EndGlobalSection
	GlobalSection(ExtensibilityGlobals) = postSolution
		SolutionGuid = {61D8D857-ED35-45BF-84EA-7DFD0D77B67B}
	EndGlobalSection
EndGlobal
